PODS:
  - AWSCore (2.41.0)
  - AWSS3 (2.41.0):
    - AWSCore (= 2.41.0)

DEPENDENCIES:
  - AWSS3

SPEC REPOS:
  trunk:
    - AWSCore
    - AWSS3

SPEC CHECKSUMS:
  AWSCore: ee7594bda3132cde8666328bf9a09d8770c1c100
  AWSS3: 50da7408a26c1c2886d02968807f2a0b6bf936ca

PODFILE CHECKSUM: 293e266cca3ebc14af6aea8fbac4b88cd421a128

COCOAPODS: 1.17.0
